
Microsoft Visual Studio Solution File, Format Version 12.00
# Visual Studio Version 17
VisualStudioVersion = 17.14.36518.9 d17.14
MinimumVisualStudioVersion = 10.0.40219.1
Project("{FAE04EC0-301F-11D3-BF4B-00C04F79EFBC}") = "LibreriaPerSql", "LibreriaPerSql.csproj", "{61FCCE40-A97D-4E01-ADDE-C74F38DB8DAE}"
EndProject
Global
	GlobalSection(SolutionConfigurationPlatforms) = preSolution
		Debug|Any CPU = Debug|Any CPU
		Release|Any CPU = Release|Any CPU
	EndGlobalSection
	GlobalSection(ProjectConfigurationPlatforms) = postSolution
		{61FCCE40-A97D-4E01-ADDE-C74F38DB8DAE}.Debug|Any CPU.ActiveCfg = Debug|Any CPU
		{61FCCE40-A97D-4E01-ADDE-C74F38DB8DAE}.Debug|Any CPU.Build.0 = Debug|Any CPU
		{61FCCE40-A97D-4E01-ADDE-C74F38DB8DAE}.Release|Any CPU.ActiveCfg = Release|Any CPU
		{61FCCE40-A97D-4E01-ADDE-C74F38DB8DAE}.Release|Any CPU.Build.0 = Release|Any CPU
	EndGlobalSection
	GlobalSection(SolutionProperties) = preSolution
		HideSolutionNode = FALSE
	EndGlobalSection
	GlobalSection(ExtensibilityGlobals) = postSolution
		SolutionGuid = {E85C78A8-9C53-4C13-90E1-E516ACF31EDF}
	EndGlobalSection
EndGlobal
